
Microsoft Visual Studio Solution File, Format Version 12.00
# Visual Studio Version 16
VisualStudioVersion = 16.0.31702.278
MinimumVisualStudioVersion = 10.0.40219.1
Project("{FAE04EC0-301F-11D3-BF4B-00C04F79EFBC}") = "BooksApi", "BooksApi\BooksApi.csproj", "{28E96625-280A-486B-8803-EE7FB9CCC6B8}"
EndProject
Global
	GlobalSection(SolutionConfigurationPlatforms) = preSolution
		Debug|Any CPU = Debug|Any CPU
		Release|Any CPU = Release|Any CPU
	EndGlobalSection
	GlobalSection(ProjectConfigurationPlatforms) = postSolution
		{28E96625-280A-486B-8803-EE7FB9CCC6B8}.Debug|Any CPU.ActiveCfg = Debug|Any CPU
		{28E96625-280A-486B-8803-EE7FB9CCC6B8}.Debug|Any CPU.Build.0 = Debug|Any CPU
		{28E96625-280A-486B-8803-EE7FB9CCC6B8}.Release|Any CPU.ActiveCfg = Release|Any CPU
		{28E96625-280A-486B-8803-EE7FB9CCC6B8}.Release|Any CPU.Build.0 = Release|Any CPU
	EndGlobalSection
	GlobalSection(SolutionProperties) = preSolution
		HideSolutionNode = FALSE
	EndGlobalSection
	GlobalSection(ExtensibilityGlobals) = postSolution
		SolutionGuid = {8343C656-A401-495C-BEDD-4C3FA4DE3D0E}
	EndGlobalSection
EndGlobal
